
Microsoft Visual Studio Solution File, Format Version 12.00
# Visual Studio Version 17
VisualStudioVersion = 17.14.36414.22 d17.14
MinimumVisualStudioVersion = 10.0.40219.1
Project("{FAE04EC0-301F-11D3-BF4B-00C04F79EFBC}") = "StockAnalysis.WinForms", "StockAnalysis.WinForms.csproj", "{6CE308E3-2693-4A58-ADF6-4F3174A13698}"
EndProject
Global
	GlobalSection(SolutionConfigurationPlatforms) = preSolution
		Debug|Any CPU = Debug|Any CPU
		Release|Any CPU = Release|Any CPU
	EndGlobalSection
	GlobalSection(ProjectConfigurationPlatforms) = postSolution
		{6CE308E3-2693-4A58-ADF6-4F3174A13698}.Debug|Any CPU.ActiveCfg = Debug|Any CPU
		{6CE308E3-2693-4A58-ADF6-4F3174A13698}.Debug|Any CPU.Build.0 = Debug|Any CPU
		{6CE308E3-2693-4A58-ADF6-4F3174A13698}.Release|Any CPU.ActiveCfg = Release|Any CPU
		{6CE308E3-2693-4A58-ADF6-4F3174A13698}.Release|Any CPU.Build.0 = Release|Any CPU
	EndGlobalSection
	GlobalSection(SolutionProperties) = preSolution
		HideSolutionNode = FALSE
	EndGlobalSection
	GlobalSection(ExtensibilityGlobals) = postSolution
		SolutionGuid = {B8DEC26D-3325-4C6C-A3E8-2E0A83F2CF3C}
	EndGlobalSection
EndGlobal
